
Microsoft Visual Studio Solution File, Format Version 12.00
# Visual Studio 2013
VisualStudioVersion = 12.0.31101.0
MinimumVisualStudioVersion = 10.0.40219.1
Project("{FAE04EC0-301F-11D3-BF4B-00C04F79EFBC}") = "Ishtar", "Ishtar\Ishtar.csproj", "{9F5156A3-8E1C-4721-8E8B-9B2733651CDB}"
EndProject
Project("{FAE04EC0-301F-11D3-BF4B-00C04F79EFBC}") = "ObjectUtils", "ObjectUtils\ObjectUtils.csproj", "{F90AFBBF-FDC3-4D8A-B011-8D2979A6A219}"
EndProject
Project("{FAE04EC0-301F-11D3-BF4B-00C04F79EFBC}") = "TestApp", "TestApp\TestApp.csproj", "{ED4DE167-50A8-4FF5-8819-C8975885845F}"
EndProject
Project("{8BC9CEB8-8B4A-11D0-8D11-00A0C91BC942}") = "InjectDLL", "InjectDLL\InjectDLL.vcxproj", "{EE4EB181-8570-435B-8EA0-71BCD87BA2C4}"
EndProject
Project("{8BC9CEB8-8B4A-11D0-8D11-00A0C91BC942}") = "Injector", "Injector\Injector.vcxproj", "{9DA55528-C321-4800-932C-8E9AF5167D2E}"
EndProject
Project("{FAE04EC0-301F-11D3-BF4B-00C04F79EFBC}") = "ManagedLoader", "ManagedLoader\ManagedLoader.csproj", "{05C3B124-7EB0-477B-AC90-76C0BDB08D53}"
EndProject
Global
	GlobalSection(SolutionConfigurationPlatforms) = preSolution
		Debug|Any CPU = Debug|Any CPU
		Debug|ARM = Debug|ARM
		Debug|Mixed Platforms = Debug|Mixed Platforms
		Debug|Win32 = Debug|Win32
		Debug|x64 = Debug|x64
		Release|Any CPU = Release|Any CPU
		Release|ARM = Release|ARM
		Release|Mixed Platforms = Release|Mixed Platforms
		Release|Win32 = Release|Win32
		Release|x64 = Release|x64
	EndGlobalSection
	GlobalSection(ProjectConfigurationPlatforms) = postSolution
		{9F5156A3-8E1C-4721-8E8B-9B2733651CDB}.Debug|Any CPU.ActiveCfg = Debug|Any CPU
		{9F5156A3-8E1C-4721-8E8B-9B2733651CDB}.Debug|Any CPU.Build.0 = Debug|Any CPU
		{9F5156A3-8E1C-4721-8E8B-9B2733651CDB}.Debug|ARM.ActiveCfg = Debug|Any CPU
		{9F5156A3-8E1C-4721-8E8B-9B2733651CDB}.Debug|Mixed Platforms.ActiveCfg = Debug|Any CPU
		{9F5156A3-8E1C-4721-8E8B-9B2733651CDB}.Debug|Mixed Platforms.Build.0 = Debug|Any CPU
		{9F5156A3-8E1C-4721-8E8B-9B2733651CDB}.Debug|Win32.ActiveCfg = Debug|Any CPU
		{9F5156A3-8E1C-4721-8E8B-9B2733651CDB}.Debug|x64.ActiveCfg = Debug|Any CPU
		{9F5156A3-8E1C-4721-8E8B-9B2733651CDB}.Release|Any CPU.ActiveCfg = Release|Any CPU
		{9F5156A3-8E1C-4721-8E8B-9B2733651CDB}.Release|Any CPU.Build.0 = Release|Any CPU
		{9F5156A3-8E1C-4721-8E8B-9B2733651CDB}.Release|ARM.ActiveCfg = Release|Any CPU
		{9F5156A3-8E1C-4721-8E8B-9B2733651CDB}.Release|Mixed Platforms.ActiveCfg = Release|Any CPU
		{9F5156A3-8E1C-4721-8E8B-9B2733651CDB}.Release|Mixed Platforms.Build.0 = Release|Any CPU
		{9F5156A3-8E1C-4721-8E8B-9B2733651CDB}.Release|Win32.ActiveCfg = Release|Any CPU
		{9F5156A3-8E1C-4721-8E8B-9B2733651CDB}.Release|x64.ActiveCfg = Release|Any CPU
		{F90AFBBF-FDC3-4D8A-B011-8D2979A6A219}.Debug|Any CPU.ActiveCfg = Debug|Any CPU
		{F90AFBBF-FDC3-4D8A-B011-8D2979A6A219}.Debug|Any CPU.Build.0 = Debug|Any CPU
		{F90AFBBF-FDC3-4D8A-B011-8D2979A6A219}.Debug|ARM.ActiveCfg = Debug|Any CPU
		{F90AFBBF-FDC3-4D8A-B011-8D2979A6A219}.Debug|Mixed Platforms.ActiveCfg = Debug|Any CPU
		{F90AFBBF-FDC3-4D8A-B011-8D2979A6A219}.Debug|Mixed Platforms.Build.0 = Debug|Any CPU
		{F90AFBBF-FDC3-4D8A-B011-8D2979A6A219}.Debug|Win32.ActiveCfg = Debug|Any CPU
		{F90AFBBF-FDC3-4D8A-B011-8D2979A6A219}.Debug|x64.ActiveCfg = Debug|Any CPU
		{F90AFBBF-FDC3-4D8A-B011-8D2979A6A219}.Release|Any CPU.ActiveCfg = Release|Any CPU
		{F90AFBBF-FDC3-4D8A-B011-8D2979A6A219}.Release|Any CPU.Build.0 = Release|Any CPU
		{F90AFBBF-FDC3-4D8A-B011-8D2979A6A219}.Release|ARM.ActiveCfg = Release|Any CPU
		{F90AFBBF-FDC3-4D8A-B011-8D2979A6A219}.Release|Mixed Platforms.ActiveCfg = Release|Any CPU
		{F90AFBBF-FDC3-4D8A-B011-8D2979A6A219}.Release|Mixed Platforms.Build.0 = Release|Any CPU
		{F90AFBBF-FDC3-4D8A-B011-8D2979A6A219}.Release|Win32.ActiveCfg = Release|Any CPU
		{F90AFBBF-FDC3-4D8A-B011-8D2979A6A219}.Release|x64.ActiveCfg = Release|Any CPU
		{ED4DE167-50A8-4FF5-8819-C8975885845F}.Debug|Any CPU.ActiveCfg = Debug|Any CPU
		{ED4DE167-50A8-4FF5-8819-C8975885845F}.Debug|Any CPU.Build.0 = Debug|Any CPU
		{ED4DE167-50A8-4FF5-8819-C8975885845F}.Debug|ARM.ActiveCfg = Debug|Any CPU
		{ED4DE167-50A8-4FF5-8819-C8975885845F}.Debug|Mixed Platforms.ActiveCfg = Debug|Any CPU
		{ED4DE167-50A8-4FF5-8819-C8975885845F}.Debug|Mixed Platforms.Build.0 = Debug|Any CPU
		{ED4DE167-50A8-4FF5-8819-C8975885845F}.Debug|Win32.ActiveCfg = Debug|Any CPU
		{ED4DE167-50A8-4FF5-8819-C8975885845F}.Debug|x64.ActiveCfg = Debug|Any CPU
		{ED4DE167-50A8-4FF5-8819-C8975885845F}.Release|Any CPU.ActiveCfg = Release|Any CPU
		{ED4DE167-50A8-4FF5-8819-C8975885845F}.Release|Any CPU.Build.0 = Release|Any CPU
		{ED4DE167-50A8-4FF5-8819-C8975885845F}.Release|ARM.ActiveCfg = Release|Any CPU
		{ED4DE167-50A8-4FF5-8819-C8975885845F}.Release|Mixed Platforms.ActiveCfg = Release|Any CPU
		{ED4DE167-50A8-4FF5-8819-C8975885845F}.Release|Mixed Platforms.Build.0 = Release|Any CPU
		{ED4DE167-50A8-4FF5-8819-C8975885845F}.Release|Win32.ActiveCfg = Release|Any CPU
		{ED4DE167-50A8-4FF5-8819-C8975885845F}.Release|x64.ActiveCfg = Release|Any CPU
		{EE4EB181-8570-435B-8EA0-71BCD87BA2C4}.Debug|Any CPU.ActiveCfg = Debug|Win32
		{EE4EB181-8570-435B-8EA0-71BCD87BA2C4}.Debug|ARM.ActiveCfg = Debug|Win32
		{EE4EB181-8570-435B-8EA0-71BCD87BA2C4}.Debug|Mixed Platforms.ActiveCfg = Debug|Win32
		{EE4EB181-8570-435B-8EA0-71BCD87BA2C4}.Debug|Mixed Platforms.Build.0 = Debug|Win32
		{EE4EB181-8570-435B-8EA0-71BCD87BA2C4}.Debug|Win32.ActiveCfg = Debug|Win32
		{EE4EB181-8570-435B-8EA0-71BCD87BA2C4}.Debug|Win32.Build.0 = Debug|Win32
		{EE4EB181-8570-435B-8EA0-71BCD87BA2C4}.Debug|x64.ActiveCfg = Debug|Win32
		{EE4EB181-8570-435B-8EA0-71BCD87BA2C4}.Release|Any CPU.ActiveCfg = Release|Win32
		{EE4EB181-8570-435B-8EA0-71BCD87BA2C4}.Release|ARM.ActiveCfg = Release|Win32
		{EE4EB181-8570-435B-8EA0-71BCD87BA2C4}.Release|Mixed Platforms.ActiveCfg = Release|Win32
		{EE4EB181-8570-435B-8EA0-71BCD87BA2C4}.Release|Mixed Platforms.Build.0 = Release|Win32
		{EE4EB181-8570-435B-8EA0-71BCD87BA2C4}.Release|Win32.ActiveCfg = Release|Win32
		{EE4EB181-8570-435B-8EA0-71BCD87BA2C4}.Release|Win32.Build.0 = Release|Win32
		{EE4EB181-8570-435B-8EA0-71BCD87BA2C4}.Release|x64.ActiveCfg = Release|Win32
		{9DA55528-C321-4800-932C-8E9AF5167D2E}.Debug|Any CPU.ActiveCfg = Debug|Win32
		{9DA55528-C321-4800-932C-8E9AF5167D2E}.Debug|ARM.ActiveCfg = Debug|Win32
		{9DA55528-C321-4800-932C-8E9AF5167D2E}.Debug|Mixed Platforms.ActiveCfg = Debug|Win32
		{9DA55528-C321-4800-932C-8E9AF5167D2E}.Debug|Mixed Platforms.Build.0 = Debug|Win32
		{9DA55528-C321-4800-932C-8E9AF5167D2E}.Debug|Win32.ActiveCfg = Debug|Win32
		{9DA55528-C321-4800-932C-8E9AF5167D2E}.Debug|Win32.Build.0 = Debug|Win32
		{9DA55528-C321-4800-932C-8E9AF5167D2E}.Debug|x64.ActiveCfg = Debug|Win32
		{9DA55528-C321-4800-932C-8E9AF5167D2E}.Release|Any CPU.ActiveCfg = Release|Win32
		{9DA55528-C321-4800-932C-8E9AF5167D2E}.Release|ARM.ActiveCfg = Release|Win32
		{9DA55528-C321-4800-932C-8E9AF5167D2E}.Release|Mixed Platforms.ActiveCfg = Release|Win32
		{9DA55528-C321-4800-932C-8E9AF5167D2E}.Release|Mixed Platforms.Build.0 = Release|Win32
		{9DA55528-C321-4800-932C-8E9AF5167D2E}.Release|Win32.ActiveCfg = Release|Win32
		{9DA55528-C321-4800-932C-8E9AF5167D2E}.Release|Win32.Build.0 = Release|Win32
		{9DA55528-C321-4800-932C-8E9AF5167D2E}.Release|x64.ActiveCfg = Release|Win32
		{05C3B124-7EB0-477B-AC90-76C0BDB08D53}.Debug|Any CPU.ActiveCfg = Debug|Any CPU
		{05C3B124-7EB0-477B-AC90-76C0BDB08D53}.Debug|Any CPU.Build.0 = Debug|Any CPU
		{05C3B124-7EB0-477B-AC90-76C0BDB08D53}.Debug|ARM.ActiveCfg = Debug|Any CPU
		{05C3B124-7EB0-477B-AC90-76C0BDB08D53}.Debug|Mixed Platforms.ActiveCfg = Debug|Any CPU
		{05C3B124-7EB0-477B-AC90-76C0BDB08D53}.Debug|Mixed Platforms.Build.0 = Debug|Any CPU
		{05C3B124-7EB0-477B-AC90-76C0BDB08D53}.Debug|Win32.ActiveCfg = Debug|Any CPU
		{05C3B124-7EB0-477B-AC90-76C0BDB08D53}.Debug|x64.ActiveCfg = Debug|Any CPU
		{05C3B124-7EB0-477B-AC90-76C0BDB08D53}.Release|Any CPU.ActiveCfg = Release|Any CPU
		{05C3B124-7EB0-477B-AC90-76C0BDB08D53}.Release|Any CPU.Build.0 = Release|Any CPU
		{05C3B124-7EB0-477B-AC90-76C0BDB08D53}.Release|ARM.ActiveCfg = Release|Any CPU
		{05C3B124-7EB0-477B-AC90-76C0BDB08D53}.Release|Mixed Platforms.ActiveCfg = Release|Any CPU
		{05C3B124-7EB0-477B-AC90-76C0BDB08D53}.Release|Mixed Platforms.Build.0 = Release|Any CPU
		{05C3B124-7EB0-477B-AC90-76C0BDB08D53}.Release|Win32.ActiveCfg = Release|Any CPU
		{05C3B124-7EB0-477B-AC90-76C0BDB08D53}.Release|x64.ActiveCfg = Release|Any CPU
	EndGlobalSection
	GlobalSection(SolutionProperties) = preSolution
		HideSolutionNode = FALSE
	EndGlobalSection
EndGlobal
